// !$*UTF8*$!
{
	archiveVersion = 1;
	classes = {
	};
	objectVersion = 48;
	objects = {

/* Begin PBXBuildFile section */
		A341B20C51995B6A05BD503A /* libPods-iOSPro.a in Frameworks */ = {isa = PBXBuildFile; fileRef = 3C30B251978ED6747CAC39E6 /* libPods-iOSPro.a */; };
		E29FBC9A2043AF9A007A2170 /* ViewController.m in Sources */ = {isa = PBXBuildFile; fileRef = E29FBC992043AF9A007A2170 /* ViewController.m */; };
		E29FBC9D2043AF9A007A2170 /* Main.storyboard in Resources */ = {isa = PBXBuildFile; fileRef = E29FBC9B2043AF9A007A2170 /* Main.storyboard */; };
		E29FBC9F2043AF9A007A2170 /* Assets.xcassets in Resources */ = {isa = PBXBuildFile; fileRef = E29FBC9E2043AF9A007A2170 /* Assets.xcassets */; };
		E29FBCA22043AF9A007A2170 /* LaunchScreen.storyboard in Resources */ = {isa = PBXBuildFile; fileRef = E29FBCA02043AF9A007A2170 /* LaunchScreen.storyboard */; };
		E29FBCA52043AF9A007A2170 /* main.m in Sources */ = {isa = PBXBuildFile; fileRef = E29FBCA42043AF9A007A2170 /* main.m */; };
		E29FBCAF2043AF9A007A2170 /* iOSProTests.m in Sources */ = {isa = PBXBuildFile; fileRef = E29FBCAE2043AF9A007A2170 /* iOSProTests.m */; };
		E29FBCBA2043AF9A007A2170 /* iOSProUITests.m in Sources */ = {isa = PBXBuildFile; fileRef = E29FBCB92043AF9A007A2170 /* iOSProUITests.m */; };
		E29FBCD82043B0D8007A2170 /* CYLPlusButton.m in Sources */ = {isa = PBXBuildFile; fileRef = E29FBCCB2043B0D8007A2170 /* CYLPlusButton.m */; };
		E29FBCD92043B0D8007A2170 /* CYLTabBar.m in Sources */ = {isa = PBXBuildFile; fileRef = E29FBCCD2043B0D8007A2170 /* CYLTabBar.m */; };
		E29FBCDA2043B0D8007A2170 /* CYLTabBarController.m in Sources */ = {isa = PBXBuildFile; fileRef = E29FBCCF2043B0D8007A2170 /* CYLTabBarController.m */; };
		E29FBCDB2043B0D8007A2170 /* UIControl+CYLTabBarControllerExtention.m in Sources */ = {isa = PBXBuildFile; fileRef = E29FBCD12043B0D8007A2170 /* UIControl+CYLTabBarControllerExtention.m */; };
		E29FBCDC2043B0D8007A2170 /* UITabBarItem+CYLTabBarControllerExtention.m in Sources */ = {isa = PBXBuildFile; fileRef = E29FBCD32043B0D8007A2170 /* UITabBarItem+CYLTabBarControllerExtention.m */; };
		E29FBCDD2043B0D8007A2170 /* UIView+CYLTabBarControllerExtention.m in Sources */ = {isa = PBXBuildFile; fileRef = E29FBCD52043B0D8007A2170 /* UIView+CYLTabBarControllerExtention.m */; };
		E29FBCDE2043B0D8007A2170 /* UIViewController+CYLTabBarControllerExtention.m in Sources */ = {isa = PBXBuildFile; fileRef = E29FBCD72043B0D8007A2170 /* UIViewController+CYLTabBarControllerExtention.m */; };
		E29FBCE1204506A1007A2170 /* MainTabbarController.m in Sources */ = {isa = PBXBuildFile; fileRef = E29FBCE0204506A1007A2170 /* MainTabbarController.m */; };
		E29FBCE920452ECC007A2170 /* FunctionVC.m in Sources */ = {isa = PBXBuildFile; fileRef = E29FBCE820452ECC007A2170 /* FunctionVC.m */; };
		E29FBCEC20453075007A2170 /* BaseVC.m in Sources */ = {isa = PBXBuildFile; fileRef = E29FBCEB20453075007A2170 /* BaseVC.m */; };
		E29FBCEF20453083007A2170 /* OtherVC.m in Sources */ = {isa = PBXBuildFile; fileRef = E29FBCEE20453083007A2170 /* OtherVC.m */; };
		E29FBCF220453091007A2170 /* MoreVC.m in Sources */ = {isa = PBXBuildFile; fileRef = E29FBCF120453091007A2170 /* MoreVC.m */; };
		E29FBCF52045309E007A2170 /* ShareVC.m in Sources */ = {isa = PBXBuildFile; fileRef = E29FBCF42045309E007A2170 /* ShareVC.m */; };
		E29FBCF820464391007A2170 /* AddPlusBtn.m in Sources */ = {isa = PBXBuildFile; fileRef = E29FBCF720464391007A2170 /* AddPlusBtn.m */; };
		E29FBCFB2046805D007A2170 /* CYLTabBarControllerConfig.m in Sources */ = {isa = PBXBuildFile; fileRef = E29FBCF92046805D007A2170 /* CYLTabBarControllerConfig.m */; };
		E2D17DBD204CEB6B0026FED6 /* LMJNavUIBaseViewController.m in Sources */ = {isa = PBXBuildFile; fileRef = E2D17DB9204CEB6B0026FED6 /* LMJNavUIBaseViewController.m */; };
		E2D17DBE204CEB6B0026FED6 /* LMJNavigationController.m in Sources */ = {isa = PBXBuildFile; fileRef = E2D17DBA204CEB6B0026FED6 /* LMJNavigationController.m */; };
		E2D17DC1204CEB7E0026FED6 /* LMJNavigationBar.m in Sources */ = {isa = PBXBuildFile; fileRef = E2D17DC0204CEB7E0026FED6 /* LMJNavigationBar.m */; };
		E2D17DD0204D24900026FED6 /* LMJTextViewController.m in Sources */ = {isa = PBXBuildFile; fileRef = E2D17DCA204D248F0026FED6 /* LMJTextViewController.m */; };
		E2D17DD1204D24900026FED6 /* LMJBaseViewController.m in Sources */ = {isa = PBXBuildFile; fileRef = E2D17DCC204D24900026FED6 /* LMJBaseViewController.m */; };
		E2D17DD2204D24900026FED6 /* LMJRequestBaseViewController.m in Sources */ = {isa = PBXBuildFile; fileRef = E2D17DCF204D24900026FED6 /* LMJRequestBaseViewController.m */; };
		E2D17E74204D26D30026FED6 /* LICENSE in Resources */ = {isa = PBXBuildFile; fileRef = E2D17E70204D26D30026FED6 /* LICENSE */; };
		E2D17E75204D26D30026FED6 /* MBProgressHUD.m in Sources */ = {isa = PBXBuildFile; fileRef = E2D17E72204D26D30026FED6 /* MBProgressHUD.m */; };
		E2D17E76204D26D30026FED6 /* README.mdown in Resources */ = {isa = PBXBuildFile; fileRef = E2D17E73204D26D30026FED6 /* README.mdown */; };
		E2D17E89204D27310026FED6 /* MBProgressHUD+LMJ.m in Sources */ = {isa = PBXBuildFile; fileRef = E2D17E77204D272F0026FED6 /* MBProgressHUD+LMJ.m */; };
		E2D17E8A204D27310026FED6 /* UIView+LMJNjHuFrame.m in Sources */ = {isa = PBXBuildFile; fileRef = E2D17E79204D272F0026FED6 /* UIView+LMJNjHuFrame.m */; };
		E2D17E8C204D27310026FED6 /* UIColor+Random.m in Sources */ = {isa = PBXBuildFile; fileRef = E2D17E7D204D27300026FED6 /* UIColor+Random.m */; };
		E2D17E8D204D27310026FED6 /* NSDecimalNumber+Addtion.m in Sources */ = {isa = PBXBuildFile; fileRef = E2D17E80204D27300026FED6 /* NSDecimalNumber+Addtion.m */; };
		E2D17E8E204D27310026FED6 /* NullSafe.m in Sources */ = {isa = PBXBuildFile; fileRef = E2D17E81204D27300026FED6 /* NullSafe.m */; };
		E2D17E8F204D27310026FED6 /* UITextView+WZB.m in Sources */ = {isa = PBXBuildFile; fileRef = E2D17E83204D27300026FED6 /* UITextView+WZB.m */; };
		E2D17E90204D27310026FED6 /* UIView+GestureCallback.m in Sources */ = {isa = PBXBuildFile; fileRef = E2D17E85204D27300026FED6 /* UIView+GestureCallback.m */; };
		E2D17E91204D27310026FED6 /* UIViewController+DDPopUpViewController.m in Sources */ = {isa = PBXBuildFile; fileRef = E2D17E87204D27300026FED6 /* UIViewController+DDPopUpViewController.m */; };
		E2D17E97204FD16F0026FED6 /* LMJAppDelegate.m in Sources */ = {isa = PBXBuildFile; fileRef = E2D17E95204FD16E0026FED6 /* LMJAppDelegate.m */; };
		E2D17E9A204FD18D0026FED6 /* UINavigationController+FDFullscreenPopGesture.m in Sources */ = {isa = PBXBuildFile; fileRef = E2D17E99204FD18D0026FED6 /* UINavigationController+FDFullscreenPopGesture.m */; };
/* End PBXBuildFile section */

/* Begin PBXContainerItemProxy section */
		E29FBCAB2043AF9A007A2170 /* PBXContainerItemProxy */ = {
			isa = PBXContainerItemProxy;
			containerPortal = E29FBC8A2043AF9A007A2170 /* Project object */;
			proxyType = 1;
			remoteGlobalIDString = E29FBC912043AF9A007A2170;
			remoteInfo = iOSPro;
		};
		E29FBCB62043AF9A007A2170 /* PBXContainerItemProxy */ = {
			isa = PBXContainerItemProxy;
			containerPortal = E29FBC8A2043AF9A007A2170 /* Project object */;
			proxyType = 1;
			remoteGlobalIDString = E29FBC912043AF9A007A2170;
			remoteInfo = iOSPro;
		};
/* End PBXContainerItemProxy section */

/* Begin PBXFileReference section */
		0AEE50A6FE22E1941615D53D /* Pods-iOSPro.debug.xcconfig */ = {isa = PBXFileReference; includeInIndex = 1; lastKnownFileType = text.xcconfig; name = "Pods-iOSPro.debug.xcconfig"; path = "Pods/Target Support Files/Pods-iOSPro/Pods-iOSPro.debug.xcconfig"; sourceTree = "<group>"; };
		3C30B251978ED6747CAC39E6 /* libPods-iOSPro.a */ = {isa = PBXFileReference; explicitFileType = archive.ar; includeInIndex = 0; path = "libPods-iOSPro.a"; sourceTree = BUILT_PRODUCTS_DIR; };
		892F7B8A46D9BBDEDC1A2AD6 /* Pods-iOSPro.release.xcconfig */ = {isa = PBXFileReference; includeInIndex = 1; lastKnownFileType = text.xcconfig; name = "Pods-iOSPro.release.xcconfig"; path = "Pods/Target Support Files/Pods-iOSPro/Pods-iOSPro.release.xcconfig"; sourceTree = "<group>"; };
		E29FBC922043AF9A007A2170 /* iOSPro.app */ = {isa = PBXFileReference; explicitFileType = wrapper.application; includeInIndex = 0; path = iOSPro.app; sourceTree = BUILT_PRODUCTS_DIR; };
		E29FBC982043AF9A007A2170 /* ViewController.h */ = {isa = PBXFileReference; lastKnownFileType = sourcecode.c.h; path = ViewController.h; sourceTree = "<group>"; };
		E29FBC992043AF9A007A2170 /* ViewController.m */ = {isa = PBXFileReference; lastKnownFileType = sourcecode.c.objc; path = ViewController.m; sourceTree = "<group>"; };
		E29FBC9C2043AF9A007A2170 /* Base */ = {isa = PBXFileReference; lastKnownFileType = file.storyboard; name = Base; path = Base.lproj/Main.storyboard; sourceTree = "<group>"; };
		E29FBC9E2043AF9A007A2170 /* Assets.xcassets */ = {isa = PBXFileReference; lastKnownFileType = folder.assetcatalog; path = Assets.xcassets; sourceTree = "<group>"; };
		E29FBCA12043AF9A007A2170 /* Base */ = {isa = PBXFileReference; lastKnownFileType = file.storyboard; name = Base; path = Base.lproj/LaunchScreen.storyboard; sourceTree = "<group>"; };
		E29FBCA32043AF9A007A2170 /* Info.plist */ = {isa = PBXFileReference; lastKnownFileType = text.plist.xml; path = Info.plist; sourceTree = "<group>"; };
		E29FBCA42043AF9A007A2170 /* main.m */ = {isa = PBXFileReference; lastKnownFileType = sourcecode.c.objc; path = main.m; sourceTree = "<group>"; };
		E29FBCAA2043AF9A007A2170 /* iOSProTests.xctest */ = {isa = PBXFileReference; explicitFileType = wrapper.cfbundle; includeInIndex = 0; path = iOSProTests.xctest; sourceTree = BUILT_PRODUCTS_DIR; };
		E29FBCAE2043AF9A007A2170 /* iOSProTests.m */ = {isa = PBXFileReference; lastKnownFileType = sourcecode.c.objc; path = iOSProTests.m; sourceTree = "<group>"; };
		E29FBCB02043AF9A007A2170 /* Info.plist */ = {isa = PBXFileReference; lastKnownFileType = text.plist.xml; path = Info.plist; sourceTree = "<group>"; };
		E29FBCB52043AF9A007A2170 /* iOSProUITests.xctest */ = {isa = PBXFileReference; explicitFileType = wrapper.cfbundle; includeInIndex = 0; path = iOSProUITests.xctest; sourceTree = BUILT_PRODUCTS_DIR; };
		E29FBCB92043AF9A007A2170 /* iOSProUITests.m */ = {isa = PBXFileReference; lastKnownFileType = sourcecode.c.objc; path = iOSProUITests.m; sourceTree = "<group>"; };
		E29FBCBB2043AF9A007A2170 /* Info.plist */ = {isa = PBXFileReference; lastKnownFileType = text.plist.xml; path = Info.plist; sourceTree = "<group>"; };
		E29FBCC92043B0D8007A2170 /* CYLConstants.h */ = {isa = PBXFileReference; fileEncoding = 4; lastKnownFileType = sourcecode.c.h; path = CYLConstants.h; sourceTree = "<group>"; };
		E29FBCCA2043B0D8007A2170 /* CYLPlusButton.h */ = {isa = PBXFileReference; fileEncoding = 4; lastKnownFileType = sourcecode.c.h; path = CYLPlusButton.h; sourceTree = "<group>"; };
		E29FBCCB2043B0D8007A2170 /* CYLPlusButton.m */ = {isa = PBXFileReference; fileEncoding = 4; lastKnownFileType = sourcecode.c.objc; path = CYLPlusButton.m; sourceTree = "<group>"; };
		E29FBCCC2043B0D8007A2170 /* CYLTabBar.h */ = {isa = PBXFileReference; fileEncoding = 4; lastKnownFileType = sourcecode.c.h; path = CYLTabBar.h; sourceTree = "<group>"; };
		E29FBCCD2043B0D8007A2170 /* CYLTabBar.m */ = {isa = PBXFileReference; fileEncoding = 4; lastKnownFileType = sourcecode.c.objc; path = CYLTabBar.m; sourceTree = "<group>"; };
		E29FBCCE2043B0D8007A2170 /* CYLTabBarController.h */ = {isa = PBXFileReference; fileEncoding = 4; lastKnownFileType = sourcecode.c.h; path = CYLTabBarController.h; sourceTree = "<group>"; };
		E29FBCCF2043B0D8007A2170 /* CYLTabBarController.m */ = {isa = PBXFileReference; fileEncoding = 4; lastKnownFileType = sourcecode.c.objc; path = CYLTabBarController.m; sourceTree = "<group>"; };
		E29FBCD02043B0D8007A2170 /* UIControl+CYLTabBarControllerExtention.h */ = {isa = PBXFileReference; fileEncoding = 4; lastKnownFileType = sourcecode.c.h; path = "UIControl+CYLTabBarControllerExtention.h"; sourceTree = "<group>"; };
		E29FBCD12043B0D8007A2170 /* UIControl+CYLTabBarControllerExtention.m */ = {isa = PBXFileReference; fileEncoding = 4; lastKnownFileType = sourcecode.c.objc; path = "UIControl+CYLTabBarControllerExtention.m"; sourceTree = "<group>"; };
		E29FBCD22043B0D8007A2170 /* UITabBarItem+CYLTabBarControllerExtention.h */ = {isa = PBXFileReference; fileEncoding = 4; lastKnownFileType = sourcecode.c.h; path = "UITabBarItem+CYLTabBarControllerExtention.h"; sourceTree = "<group>"; };
		E29FBCD32043B0D8007A2170 /* UITabBarItem+CYLTabBarControllerExtention.m */ = {isa = PBXFileReference; fileEncoding = 4; lastKnownFileType = sourcecode.c.objc; path = "UITabBarItem+CYLTabBarControllerExtention.m"; sourceTree = "<group>"; };
		E29FBCD42043B0D8007A2170 /* UIView+CYLTabBarControllerExtention.h */ = {isa = PBXFileReference; fileEncoding = 4; lastKnownFileType = sourcecode.c.h; path = "UIView+CYLTabBarControllerExtention.h"; sourceTree = "<group>"; };
		E29FBCD52043B0D8007A2170 /* UIView+CYLTabBarControllerExtention.m */ = {isa = PBXFileReference; fileEncoding = 4; lastKnownFileType = sourcecode.c.objc; path = "UIView+CYLTabBarControllerExtention.m"; sourceTree = "<group>"; };
		E29FBCD62043B0D8007A2170 /* UIViewController+CYLTabBarControllerExtention.h */ = {isa = PBXFileReference; fileEncoding = 4; lastKnownFileType = sourcecode.c.h; path = "UIViewController+CYLTabBarControllerExtention.h"; sourceTree = "<group>"; };
		E29FBCD72043B0D8007A2170 /* UIViewController+CYLTabBarControllerExtention.m */ = {isa = PBXFileReference; fileEncoding = 4; lastKnownFileType = sourcecode.c.objc; path = "UIViewController+CYLTabBarControllerExtention.m"; sourceTree = "<group>"; };
		E29FBCDF204506A1007A2170 /* MainTabbarController.h */ = {isa = PBXFileReference; lastKnownFileType = sourcecode.c.h; path = MainTabbarController.h; sourceTree = "<group>"; };
		E29FBCE0204506A1007A2170 /* MainTabbarController.m */ = {isa = PBXFileReference; lastKnownFileType = sourcecode.c.objc; path = MainTabbarController.m; sourceTree = "<group>"; };
		E29FBCE720452ECC007A2170 /* FunctionVC.h */ = {isa = PBXFileReference; lastKnownFileType = sourcecode.c.h; path = FunctionVC.h; sourceTree = "<group>"; };
		E29FBCE820452ECC007A2170 /* FunctionVC.m */ = {isa = PBXFileReference; lastKnownFileType = sourcecode.c.objc; path = FunctionVC.m; sourceTree = "<group>"; };
		E29FBCEA20453075007A2170 /* BaseVC.h */ = {isa = PBXFileReference; lastKnownFileType = sourcecode.c.h; path = BaseVC.h; sourceTree = "<group>"; };
		E29FBCEB20453075007A2170 /* BaseVC.m */ = {isa = PBXFileReference; lastKnownFileType = sourcecode.c.objc; path = BaseVC.m; sourceTree = "<group>"; };
		E29FBCED20453083007A2170 /* OtherVC.h */ = {isa = PBXFileReference; lastKnownFileType = sourcecode.c.h; path = OtherVC.h; sourceTree = "<group>"; };
		E29FBCEE20453083007A2170 /* OtherVC.m */ = {isa = PBXFileReference; lastKnownFileType = sourcecode.c.objc; path = OtherVC.m; sourceTree = "<group>"; };
		E29FBCF020453091007A2170 /* MoreVC.h */ = {isa = PBXFileReference; lastKnownFileType = sourcecode.c.h; path = MoreVC.h; sourceTree = "<group>"; };
		E29FBCF120453091007A2170 /* MoreVC.m */ = {isa = PBXFileReference; lastKnownFileType = sourcecode.c.objc; path = MoreVC.m; sourceTree = "<group>"; };
		E29FBCF32045309E007A2170 /* ShareVC.h */ = {isa = PBXFileReference; lastKnownFileType = sourcecode.c.h; path = ShareVC.h; sourceTree = "<group>"; };
		E29FBCF42045309E007A2170 /* ShareVC.m */ = {isa = PBXFileReference; lastKnownFileType = sourcecode.c.objc; path = ShareVC.m; sourceTree = "<group>"; };
		E29FBCF620464391007A2170 /* AddPlusBtn.h */ = {isa = PBXFileReference; lastKnownFileType = sourcecode.c.h; path = AddPlusBtn.h; sourceTree = "<group>"; };
		E29FBCF720464391007A2170 /* AddPlusBtn.m */ = {isa = PBXFileReference; lastKnownFileType = sourcecode.c.objc; path = AddPlusBtn.m; sourceTree = "<group>"; };
		E29FBCF92046805D007A2170 /* CYLTabBarControllerConfig.m */ = {isa = PBXFileReference; fileEncoding = 4; lastKnownFileType = sourcecode.c.objc; path = CYLTabBarControllerConfig.m; sourceTree = "<group>"; };
		E29FBCFA2046805D007A2170 /* CYLTabBarControllerConfig.h */ = {isa = PBXFileReference; fileEncoding = 4; lastKnownFileType = sourcecode.c.h; path = CYLTabBarControllerConfig.h; sourceTree = "<group>"; };
		E2D17DB9204CEB6B0026FED6 /* LMJNavUIBaseViewController.m */ = {isa = PBXFileReference; fileEncoding = 4; lastKnownFileType = sourcecode.c.objc; path = LMJNavUIBaseViewController.m; sourceTree = "<group>"; };
		E2D17DBA204CEB6B0026FED6 /* LMJNavigationController.m */ = {isa = PBXFileReference; fileEncoding = 4; lastKnownFileType = sourcecode.c.objc; path = LMJNavigationController.m; sourceTree = "<group>"; };
		E2D17DBB204CEB6B0026FED6 /* LMJNavigationController.h */ = {isa = PBXFileReference; fileEncoding = 4; lastKnownFileType = sourcecode.c.h; path = LMJNavigationController.h; sourceTree = "<group>"; };
		E2D17DBC204CEB6B0026FED6 /* LMJNavUIBaseViewController.h */ = {isa = PBXFileReference; fileEncoding = 4; lastKnownFileType = sourcecode.c.h; path = LMJNavUIBaseViewController.h; sourceTree = "<group>"; };
		E2D17DBF204CEB7E0026FED6 /* LMJNavigationBar.h */ = {isa = PBXFileReference; fileEncoding = 4; lastKnownFileType = sourcecode.c.h; path = LMJNavigationBar.h; sourceTree = "<group>"; };
		E2D17DC0204CEB7E0026FED6 /* LMJNavigationBar.m */ = {isa = PBXFileReference; fileEncoding = 4; lastKnownFileType = sourcecode.c.objc; path = LMJNavigationBar.m; sourceTree = "<group>"; };
		E2D17DC9204CF0330026FED6 /* iOSPro.pch */ = {isa = PBXFileReference; lastKnownFileType = sourcecode.c.h; path = iOSPro.pch; sourceTree = "<group>"; };
		E2D17DCA204D248F0026FED6 /* LMJTextViewController.m */ = {isa = PBXFileReference; fileEncoding = 4; lastKnownFileType = sourcecode.c.objc; path = LMJTextViewController.m; sourceTree = "<group>"; };
		E2D17DCB204D248F0026FED6 /* LMJRequestBaseViewController.h */ = {isa = PBXFileReference; fileEncoding = 4; lastKnownFileType = sourcecode.c.h; path = LMJRequestBaseViewController.h; sourceTree = "<group>"; };
		E2D17DCC204D24900026FED6 /* LMJBaseViewController.m */ = {isa = PBXFileReference; fileEncoding = 4; lastKnownFileType = sourcecode.c.objc; path = LMJBaseViewController.m; sourceTree = "<group>"; };
		E2D17DCD204D24900026FED6 /* LMJTextViewController.h */ = {isa = PBXFileReference; fileEncoding = 4; lastKnownFileType = sourcecode.c.h; path = LMJTextViewController.h; sourceTree = "<group>"; };
		E2D17DCE204D24900026FED6 /* LMJBaseViewController.h */ = {isa = PBXFileReference; fileEncoding = 4; lastKnownFileType = sourcecode.c.h; path = LMJBaseViewController.h; sourceTree = "<group>"; };
		E2D17DCF204D24900026FED6 /* LMJRequestBaseViewController.m */ = {isa = PBXFileReference; fileEncoding = 4; lastKnownFileType = sourcecode.c.objc; path = LMJRequestBaseViewController.m; sourceTree = "<group>"; };
		E2D17E70204D26D30026FED6 /* LICENSE */ = {isa = PBXFileReference; fileEncoding = 4; lastKnownFileType = text; path = LICENSE; sourceTree = "<group>"; };
		E2D17E71204D26D30026FED6 /* MBProgressHUD.h */ = {isa = PBXFileReference; fileEncoding = 4; lastKnownFileType = sourcecode.c.h; path = MBProgressHUD.h; sourceTree = "<group>"; };
		E2D17E72204D26D30026FED6 /* MBProgressHUD.m */ = {isa = PBXFileReference; fileEncoding = 4; lastKnownFileType = sourcecode.c.objc; path = MBProgressHUD.m; sourceTree = "<group>"; };
		E2D17E73204D26D30026FED6 /* README.mdown */ = {isa = PBXFileReference; fileEncoding = 4; lastKnownFileType = net.daringfireball.markdown; path = README.mdown; sourceTree = "<group>"; };
		E2D17E77204D272F0026FED6 /* MBProgressHUD+LMJ.m */ = {isa = PBXFileReference; fileEncoding = 4; lastKnownFileType = sourcecode.c.objc; path = "MBProgressHUD+LMJ.m"; sourceTree = "<group>"; };
		E2D17E78204D272F0026FED6 /* UIView+LMJNjHuFrame.h */ = {isa = PBXFileReference; fileEncoding = 4; lastKnownFileType = sourcecode.c.h; path = "UIView+LMJNjHuFrame.h"; sourceTree = "<group>"; };
		E2D17E79204D272F0026FED6 /* UIView+LMJNjHuFrame.m */ = {isa = PBXFileReference; fileEncoding = 4; lastKnownFileType = sourcecode.c.objc; path = "UIView+LMJNjHuFrame.m"; sourceTree = "<group>"; };
		E2D17E7B204D27300026FED6 /* UIColor+Random.h */ = {isa = PBXFileReference; fileEncoding = 4; lastKnownFileType = sourcecode.c.h; path = "UIColor+Random.h"; sourceTree = "<group>"; };
		E2D17E7D204D27300026FED6 /* UIColor+Random.m */ = {isa = PBXFileReference; fileEncoding = 4; lastKnownFileType = sourcecode.c.objc; path = "UIColor+Random.m"; sourceTree = "<group>"; };
		E2D17E7F204D27300026FED6 /* NSDecimalNumber+Addtion.h */ = {isa = PBXFileReference; fileEncoding = 4; lastKnownFileType = sourcecode.c.h; path = "NSDecimalNumber+Addtion.h"; sourceTree = "<group>"; };
		E2D17E80204D27300026FED6 /* NSDecimalNumber+Addtion.m */ = {isa = PBXFileReference; fileEncoding = 4; lastKnownFileType = sourcecode.c.objc; path = "NSDecimalNumber+Addtion.m"; sourceTree = "<group>"; };
		E2D17E81204D27300026FED6 /* NullSafe.m */ = {isa = PBXFileReference; fileEncoding = 4; lastKnownFileType = sourcecode.c.objc; path = NullSafe.m; sourceTree = "<group>"; };
		E2D17E82204D27300026FED6 /* UITextView+WZB.h */ = {isa = PBXFileReference; fileEncoding = 4; lastKnownFileType = sourcecode.c.h; path = "UITextView+WZB.h"; sourceTree = "<group>"; };
		E2D17E83204D27300026FED6 /* UITextView+WZB.m */ = {isa = PBXFileReference; fileEncoding = 4; lastKnownFileType = sourcecode.c.objc; path = "UITextView+WZB.m"; sourceTree = "<group>"; };
		E2D17E84204D27300026FED6 /* UIView+GestureCallback.h */ = {isa = PBXFileReference; fileEncoding = 4; lastKnownFileType = sourcecode.c.h; path = "UIView+GestureCallback.h"; sourceTree = "<group>"; };
		E2D17E85204D27300026FED6 /* UIView+GestureCallback.m */ = {isa = PBXFileReference; fileEncoding = 4; lastKnownFileType = sourcecode.c.objc; path = "UIView+GestureCallback.m"; sourceTree = "<group>"; };
		E2D17E86204D27300026FED6 /* UIViewController+DDPopUpViewController.h */ = {isa = PBXFileReference; fileEncoding = 4; lastKnownFileType = sourcecode.c.h; path = "UIViewController+DDPopUpViewController.h"; sourceTree = "<group>"; };
		E2D17E87204D27300026FED6 /* UIViewController+DDPopUpViewController.m */ = {isa = PBXFileReference; fileEncoding = 4; lastKnownFileType = sourcecode.c.objc; path = "UIViewController+DDPopUpViewController.m"; sourceTree = "<group>"; };
		E2D17E88204D27300026FED6 /* MBProgressHUD+LMJ.h */ = {isa = PBXFileReference; fileEncoding = 4; lastKnownFileType = sourcecode.c.h; path = "MBProgressHUD+LMJ.h"; sourceTree = "<group>"; };
		E2D17E95204FD16E0026FED6 /* LMJAppDelegate.m */ = {isa = PBXFileReference; fileEncoding = 4; lastKnownFileType = sourcecode.c.objc; path = LMJAppDelegate.m; sourceTree = "<group>"; };
		E2D17E96204FD16F0026FED6 /* LMJAppDelegate.h */ = {isa = PBXFileReference; fileEncoding = 4; lastKnownFileType = sourcecode.c.h; path = LMJAppDelegate.h; sourceTree = "<group>"; };
		E2D17E98204FD18C0026FED6 /* UINavigationController+FDFullscreenPopGesture.h */ = {isa = PBXFileReference; fileEncoding = 4; lastKnownFileType = sourcecode.c.h; path = "UINavigationController+FDFullscreenPopGesture.h"; sourceTree = "<group>"; };
		E2D17E99204FD18D0026FED6 /* UINavigationController+FDFullscreenPopGesture.m */ = {isa = PBXFileReference; fileEncoding = 4; lastKnownFileType = sourcecode.c.objc; path = "UINavigationController+FDFullscreenPopGesture.m"; sourceTree = "<group>"; };
/* End PBXFileReference section */

/* Begin PBXFrameworksBuildPhase section */
		E29FBC8F2043AF9A007A2170 /* Frameworks */ = {
			isa = PBXFrameworksBuildPhase;
			buildActionMask = 2147483647;
			files = (
				A341B20C51995B6A05BD503A /* libPods-iOSPro.a in Frameworks */,
			);
			runOnlyForDeploymentPostprocessing = 0;
		};
		E29FBCA72043AF9A007A2170 /* Frameworks */ = {
			isa = PBXFrameworksBuildPhase;
			buildActionMask = 2147483647;
			files = (
			);
			runOnlyForDeploymentPostprocessing = 0;
		};
		E29FBCB22043AF9A007A2170 /* Frameworks */ = {
			isa = PBXFrameworksBuildPhase;
			buildActionMask = 2147483647;
			files = (
			);
			runOnlyForDeploymentPostprocessing = 0;
		};
/* End PBXFrameworksBuildPhase section */

/* Begin PBXGroup section */
		2BA0A575D490FDD34C57E0A1 /* Frameworks */ = {
			isa = PBXGroup;
			children = (
				3C30B251978ED6747CAC39E6 /* libPods-iOSPro.a */,
			);
			name = Frameworks;
			sourceTree = "<group>";
		};
		CF1CAF90DF313E965DA54CEC /* Pods */ = {
			isa = PBXGroup;
			children = (
				0AEE50A6FE22E1941615D53D /* Pods-iOSPro.debug.xcconfig */,
				892F7B8A46D9BBDEDC1A2AD6 /* Pods-iOSPro.release.xcconfig */,
			);
			name = Pods;
			sourceTree = "<group>";
		};
		E29FBC892043AF9A007A2170 = {
			isa = PBXGroup;
			children = (
				E29FBC942043AF9A007A2170 /* iOSPro */,
				E29FBCAD2043AF9A007A2170 /* iOSProTests */,
				E29FBCB82043AF9A007A2170 /* iOSProUITests */,
				E29FBC932043AF9A007A2170 /* Products */,
				CF1CAF90DF313E965DA54CEC /* Pods */,
				2BA0A575D490FDD34C57E0A1 /* Frameworks */,
			);
			sourceTree = "<group>";
		};
		E29FBC932043AF9A007A2170 /* Products */ = {
			isa = PBXGroup;
			children = (
				E29FBC922043AF9A007A2170 /* iOSPro.app */,
				E29FBCAA2043AF9A007A2170 /* iOSProTests.xctest */,
				E29FBCB52043AF9A007A2170 /* iOSProUITests.xctest */,
			);
			name = Products;
			sourceTree = "<group>";
		};
		E29FBC942043AF9A007A2170 /* iOSPro */ = {
			isa = PBXGroup;
			children = (
				E2D17E96204FD16F0026FED6 /* LMJAppDelegate.h */,
				E2D17E95204FD16E0026FED6 /* LMJAppDelegate.m */,
				E2D17DC2204CEC9F0026FED6 /* Category */,
				E2D17DB8204CEB5B0026FED6 /* Base */,
				E29FBCE620452E58007A2170 /* 分享登陆 */,
				E29FBCE420452E58007A2170 /* 更多案例 */,
				E29FBCE520452E58007A2170 /* 功能 */,
				E29FBCE220452E58007A2170 /* 基础 */,
				E29FBCE320452E58007A2170 /* 其他 */,
				E29FBCC72043B0C9007A2170 /* lib */,
				E29FBC982043AF9A007A2170 /* ViewController.h */,
				E29FBC992043AF9A007A2170 /* ViewController.m */,
				E29FBC9B2043AF9A007A2170 /* Main.storyboard */,
				E29FBC9E2043AF9A007A2170 /* Assets.xcassets */,
				E29FBCA02043AF9A007A2170 /* LaunchScreen.storyboard */,
				E29FBCA32043AF9A007A2170 /* Info.plist */,
				E29FBCA42043AF9A007A2170 /* main.m */,
				E29FBCFA2046805D007A2170 /* CYLTabBarControllerConfig.h */,
				E29FBCF92046805D007A2170 /* CYLTabBarControllerConfig.m */,
				E29FBCDF204506A1007A2170 /* MainTabbarController.h */,
				E29FBCE0204506A1007A2170 /* MainTabbarController.m */,
				E29FBCF620464391007A2170 /* AddPlusBtn.h */,
				E29FBCF720464391007A2170 /* AddPlusBtn.m */,
				E2D17DC9204CF0330026FED6 /* iOSPro.pch */,
			);
			path = iOSPro;
			sourceTree = "<group>";
		};
		E29FBCAD2043AF9A007A2170 /* iOSProTests */ = {
			isa = PBXGroup;
			children = (
				E29FBCAE2043AF9A007A2170 /* iOSProTests.m */,
				E29FBCB02043AF9A007A2170 /* Info.plist */,
			);
			path = iOSProTests;
			sourceTree = "<group>";
		};
		E29FBCB82043AF9A007A2170 /* iOSProUITests */ = {
			isa = PBXGroup;
			children = (
				E29FBCB92043AF9A007A2170 /* iOSProUITests.m */,
				E29FBCBB2043AF9A007A2170 /* Info.plist */,
			);
			path = iOSProUITests;
			sourceTree = "<group>";
		};
		E29FBCC72043B0C9007A2170 /* lib */ = {
			isa = PBXGroup;
			children = (
				E2D17E6F204D26D30026FED6 /* MBProgressHUD */,
				E29FBCC82043B0D8007A2170 /* CYLTabBarController */,
			);
			path = lib;
			sourceTree = "<group>";
		};
		E29FBCC82043B0D8007A2170 /* CYLTabBarController */ = {
			isa = PBXGroup;
			children = (
				E29FBCC92043B0D8007A2170 /* CYLConstants.h */,
				E29FBCCA2043B0D8007A2170 /* CYLPlusButton.h */,
				E29FBCCB2043B0D8007A2170 /* CYLPlusButton.m */,
				E29FBCCC2043B0D8007A2170 /* CYLTabBar.h */,
				E29FBCCD2043B0D8007A2170 /* CYLTabBar.m */,
				E29FBCCE2043B0D8007A2170 /* CYLTabBarController.h */,
				E29FBCCF2043B0D8007A2170 /* CYLTabBarController.m */,
				E29FBCD02043B0D8007A2170 /* UIControl+CYLTabBarControllerExtention.h */,
				E29FBCD12043B0D8007A2170 /* UIControl+CYLTabBarControllerExtention.m */,
				E29FBCD22043B0D8007A2170 /* UITabBarItem+CYLTabBarControllerExtention.h */,
				E29FBCD32043B0D8007A2170 /* UITabBarItem+CYLTabBarControllerExtention.m */,
				E29FBCD42043B0D8007A2170 /* UIView+CYLTabBarControllerExtention.h */,
				E29FBCD52043B0D8007A2170 /* UIView+CYLTabBarControllerExtention.m */,
				E29FBCD62043B0D8007A2170 /* UIViewController+CYLTabBarControllerExtention.h */,
				E29FBCD72043B0D8007A2170 /* UIViewController+CYLTabBarControllerExtention.m */,
			);
			path = CYLTabBarController;
			sourceTree = "<group>";
		};
		E29FBCE220452E58007A2170 /* 基础 */ = {
			isa = PBXGroup;
			children = (
				E29FBCEA20453075007A2170 /* BaseVC.h */,
				E29FBCEB20453075007A2170 /* BaseVC.m */,
			);
			path = "基础";
			sourceTree = "<group>";
		};
		E29FBCE320452E58007A2170 /* 其他 */ = {
			isa = PBXGroup;
			children = (
				E29FBCED20453083007A2170 /* OtherVC.h */,
				E29FBCEE20453083007A2170 /* OtherVC.m */,
			);
			path = "其他";
			sourceTree = "<group>";
		};
		E29FBCE420452E58007A2170 /* 更多案例 */ = {
			isa = PBXGroup;
			children = (
				E29FBCF020453091007A2170 /* MoreVC.h */,
				E29FBCF120453091007A2170 /* MoreVC.m */,
			);
			path = "更多案例";
			sourceTree = "<group>";
		};
		E29FBCE520452E58007A2170 /* 功能 */ = {
			isa = PBXGroup;
			children = (
				E29FBCE720452ECC007A2170 /* FunctionVC.h */,
				E29FBCE820452ECC007A2170 /* FunctionVC.m */,
			);
			path = "功能";
			sourceTree = "<group>";
		};
		E29FBCE620452E58007A2170 /* 分享登陆 */ = {
			isa = PBXGroup;
			children = (
				E29FBCF32045309E007A2170 /* ShareVC.h */,
				E29FBCF42045309E007A2170 /* ShareVC.m */,
			);
			path = "分享登陆";
			sourceTree = "<group>";
		};
		E2D17DB8204CEB5B0026FED6 /* Base */ = {
			isa = PBXGroup;
			children = (
				E2D17DCE204D24900026FED6 /* LMJBaseViewController.h */,
				E2D17DCC204D24900026FED6 /* LMJBaseViewController.m */,
				E2D17DCB204D248F0026FED6 /* LMJRequestBaseViewController.h */,
				E2D17DCF204D24900026FED6 /* LMJRequestBaseViewController.m */,
				E2D17DCD204D24900026FED6 /* LMJTextViewController.h */,
				E2D17DCA204D248F0026FED6 /* LMJTextViewController.m */,
				E2D17DBF204CEB7E0026FED6 /* LMJNavigationBar.h */,
				E2D17DC0204CEB7E0026FED6 /* LMJNavigationBar.m */,
				E2D17DBB204CEB6B0026FED6 /* LMJNavigationController.h */,
				E2D17DBA204CEB6B0026FED6 /* LMJNavigationController.m */,
				E2D17DBC204CEB6B0026FED6 /* LMJNavUIBaseViewController.h */,
				E2D17DB9204CEB6B0026FED6 /* LMJNavUIBaseViewController.m */,
			);
			path = Base;
			sourceTree = "<group>";
		};
		E2D17DC2204CEC9F0026FED6 /* Category */ = {
			isa = PBXGroup;
			children = (
				E2D17E98204FD18C0026FED6 /* UINavigationController+FDFullscreenPopGesture.h */,
				E2D17E99204FD18D0026FED6 /* UINavigationController+FDFullscreenPopGesture.m */,
				E2D17E88204D27300026FED6 /* MBProgressHUD+LMJ.h */,
				E2D17E77204D272F0026FED6 /* MBProgressHUD+LMJ.m */,
				E2D17E7E204D27300026FED6 /* ThirdCategory */,
				E2D17E7B204D27300026FED6 /* UIColor+Random.h */,
				E2D17E7D204D27300026FED6 /* UIColor+Random.m */,
				E2D17E78204D272F0026FED6 /* UIView+LMJNjHuFrame.h */,
				E2D17E79204D272F0026FED6 /* UIView+LMJNjHuFrame.m */,
			);
			path = Category;
			sourceTree = "<group>";
		};
		E2D17E6F204D26D30026FED6 /* MBProgressHUD */ = {
			isa = PBXGroup;
			children = (
				E2D17E70204D26D30026FED6 /* LICENSE */,
				E2D17E71204D26D30026FED6 /* MBProgressHUD.h */,
				E2D17E72204D26D30026FED6 /* MBProgressHUD.m */,
				E2D17E73204D26D30026FED6 /* README.mdown */,
			);
			path = MBProgressHUD;
			sourceTree = "<group>";
		};
		E2D17E7E204D27300026FED6 /* ThirdCategory */ = {
			isa = PBXGroup;
			children = (
				E2D17E7F204D27300026FED6 /* NSDecimalNumber+Addtion.h */,
				E2D17E80204D27300026FED6 /* NSDecimalNumber+Addtion.m */,
				E2D17E81204D27300026FED6 /* NullSafe.m */,
				E2D17E82204D27300026FED6 /* UITextView+WZB.h */,
				E2D17E83204D27300026FED6 /* UITextView+WZB.m */,
				E2D17E84204D27300026FED6 /* UIView+GestureCallback.h */,
				E2D17E85204D27300026FED6 /* UIView+GestureCallback.m */,
				E2D17E86204D27300026FED6 /* UIViewController+DDPopUpViewController.h */,
				E2D17E87204D27300026FED6 /* UIViewController+DDPopUpViewController.m */,
			);
			path = ThirdCategory;
			sourceTree = "<group>";
		};
/* End PBXGroup section */

/* Begin PBXNativeTarget section */
		E29FBC912043AF9A007A2170 /* iOSPro */ = {
			isa = PBXNativeTarget;
			buildConfigurationList = E29FBCBE2043AF9A007A2170 /* Build configuration list for PBXNativeTarget "iOSPro" */;
			buildPhases = (
				0A8344929194657711C559CB /* [CP] Check Pods Manifest.lock */,
				E29FBC8E2043AF9A007A2170 /* Sources */,
				E29FBC8F2043AF9A007A2170 /* Frameworks */,
				E29FBC902043AF9A007A2170 /* Resources */,
				A1EBFB10BECC33BFF700E405 /* [CP] Embed Pods Frameworks */,
				6474D55FB105D200EBD900C7 /* [CP] Copy Pods Resources */,
			);
			buildRules = (
			);
			dependencies = (
			);
			name = iOSPro;
			productName = iOSPro;
			productReference = E29FBC922043AF9A007A2170 /* iOSPro.app */;
			productType = "com.apple.product-type.application";
		};
		E29FBCA92043AF9A007A2170 /* iOSProTests */ = {
			isa = PBXNativeTarget;
			buildConfigurationList = E29FBCC12043AF9A007A2170 /* Build configuration list for PBXNativeTarget "iOSProTests" */;
			buildPhases = (
				E29FBCA62043AF9A007A2170 /* Sources */,
				E29FBCA72043AF9A007A2170 /* Frameworks */,
				E29FBCA82043AF9A007A2170 /* Resources */,
			);
			buildRules = (
			);
			dependencies = (
				E29FBCAC2043AF9A007A2170 /* PBXTargetDependency */,
			);
			name = iOSProTests;
			productName = iOSProTests;
			productReference = E29FBCAA2043AF9A007A2170 /* iOSProTests.xctest */;
			productType = "com.apple.product-type.bundle.unit-test";
		};
		E29FBCB42043AF9A007A2170 /* iOSProUITests */ = {
			isa = PBXNativeTarget;
			buildConfigurationList = E29FBCC42043AF9A007A2170 /* Build configuration list for PBXNativeTarget "iOSProUITests" */;
			buildPhases = (
				E29FBCB12043AF9A007A2170 /* Sources */,
				E29FBCB22043AF9A007A2170 /* Frameworks */,
				E29FBCB32043AF9A007A2170 /* Resources */,
			);
			buildRules = (
			);
			dependencies = (
				E29FBCB72043AF9A007A2170 /* PBXTargetDependency */,
			);
			name = iOSProUITests;
			productName = iOSProUITests;
			productReference = E29FBCB52043AF9A007A2170 /* iOSProUITests.xctest */;
			productType = "com.apple.product-type.bundle.ui-testing";
		};
/* End PBXNativeTarget section */

/* Begin PBXProject section */
		E29FBC8A2043AF9A007A2170 /* Project object */ = {
			isa = PBXProject;
			attributes = {
				LastUpgradeCheck = 0920;
				ORGANIZATIONNAME = Tom;
				TargetAttributes = {
					E29FBC912043AF9A007A2170 = {
						CreatedOnToolsVersion = 9.2;
						ProvisioningStyle = Automatic;
					};
					E29FBCA92043AF9A007A2170 = {
						CreatedOnToolsVersion = 9.2;
						ProvisioningStyle = Automatic;
						TestTargetID = E29FBC912043AF9A007A2170;
					};
					E29FBCB42043AF9A007A2170 = {
						CreatedOnToolsVersion = 9.2;
						ProvisioningStyle = Automatic;
						TestTargetID = E29FBC912043AF9A007A2170;
					};
				};
			};
			buildConfigurationList = E29FBC8D2043AF9A007A2170 /* Build configuration list for PBXProject "iOSPro" */;
			compatibilityVersion = "Xcode 8.0";
			developmentRegion = en;
			hasScannedForEncodings = 0;
			knownRegions = (
				en,
				Base,
			);
			mainGroup = E29FBC892043AF9A007A2170;
			productRefGroup = E29FBC932043AF9A007A2170 /* Products */;
			projectDirPath = "";
			projectRoot = "";
			targets = (
				E29FBC912043AF9A007A2170 /* iOSPro */,
				E29FBCA92043AF9A007A2170 /* iOSProTests */,
				E29FBCB42043AF9A007A2170 /* iOSProUITests */,
			);
		};
/* End PBXProject section */

/* Begin PBXResourcesBuildPhase section */
		E29FBC902043AF9A007A2170 /* Resources */ = {
			isa = PBXResourcesBuildPhase;
			buildActionMask = 2147483647;
			files = (
				E29FBCA22043AF9A007A2170 /* LaunchScreen.storyboard in Resources */,
				E2D17E74204D26D30026FED6 /* LICENSE in Resources */,
				E2D17E76204D26D30026FED6 /* README.mdown in Resources */,
				E29FBC9F2043AF9A007A2170 /* Assets.xcassets in Resources */,
				E29FBC9D2043AF9A007A2170 /* Main.storyboard in Resources */,
			);
			runOnlyForDeploymentPostprocessing = 0;
		};
		E29FBCA82043AF9A007A2170 /* Resources */ = {
			isa = PBXResourcesBuildPhase;
			buildActionMask = 2147483647;
			files = (
			);
			runOnlyForDeploymentPostprocessing = 0;
		};
		E29FBCB32043AF9A007A2170 /* Resources */ = {
			isa = PBXResourcesBuildPhase;
			buildActionMask = 2147483647;
			files = (
			);
			runOnlyForDeploymentPostprocessing = 0;
		};
/* End PBXResourcesBuildPhase section */

/* Begin PBXShellScriptBuildPhase section */
		0A8344929194657711C559CB /* [CP] Check Pods Manifest.lock */ = {
			isa = PBXShellScriptBuildPhase;
			buildActionMask = 2147483647;
			files = (
			);
			inputPaths = (
				"${PODS_PODFILE_DIR_PATH}/Podfile.lock",
				"${PODS_ROOT}/Manifest.lock",
			);
			name = "[CP] Check Pods Manifest.lock";
			outputPaths = (
				"$(DERIVED_FILE_DIR)/Pods-iOSPro-checkManifestLockResult.txt",
			);
			runOnlyForDeploymentPostprocessing = 0;
			shellPath = /bin/sh;
			shellScript = "diff \"${PODS_PODFILE_DIR_PATH}/Podfile.lock\" \"${PODS_ROOT}/Manifest.lock\" > /dev/null\nif [ $? != 0 ] ; then\n    # print error to STDERR\n    echo \"error: The sandbox is not in sync with the Podfile.lock. Run 'pod install' or update your CocoaPods installation.\" >&2\n    exit 1\nfi\n# This output is used by Xcode 'outputs' to avoid re-running this script phase.\necho \"SUCCESS\" > \"${SCRIPT_OUTPUT_FILE_0}\"\n";
			showEnvVarsInLog = 0;
		};
		6474D55FB105D200EBD900C7 /* [CP] Copy Pods Resources */ = {
			isa = PBXShellScriptBuildPhase;
			buildActionMask = 2147483647;
			files = (
			);
			inputPaths = (
				"${SRCROOT}/Pods/Target Support Files/Pods-iOSPro/Pods-iOSPro-resources.sh",
				"${PODS_ROOT}/HMQRCodeScanner/HMQRCodeScanner/QRCode/HMScanner.bundle",
				"${PODS_ROOT}/IQKeyboardManager/IQKeyboardManager/Resources/IQKeyboardManager.bundle",
				"${PODS_ROOT}/MJRefresh/MJRefresh/MJRefresh.bundle",
			);
			name = "[CP] Copy Pods Resources";
			outputPaths = (
				"${TARGET_BUILD_DIR}/${UNLOCALIZED_RESOURCES_FOLDER_PATH}",
			);
			runOnlyForDeploymentPostprocessing = 0;
			shellPath = /bin/sh;
			shellScript = "\"${SRCROOT}/Pods/Target Support Files/Pods-iOSPro/Pods-iOSPro-resources.sh\"\n";
			showEnvVarsInLog = 0;
		};
		A1EBFB10BECC33BFF700E405 /* [CP] Embed Pods Frameworks */ = {
			isa = PBXShellScriptBuildPhase;
			buildActionMask = 2147483647;
			files = (
			);
			inputPaths = (
			);
			name = "[CP] Embed Pods Frameworks";
			outputPaths = (
			);
			runOnlyForDeploymentPostprocessing = 0;
			shellPath = /bin/sh;
			shellScript = "\"${SRCROOT}/Pods/Target Support Files/Pods-iOSPro/Pods-iOSPro-frameworks.sh\"\n";
			showEnvVarsInLog = 0;
		};
/* End PBXShellScriptBuildPhase section */

/* Begin PBXSourcesBuildPhase section */
		E29FBC8E2043AF9A007A2170 /* Sources */ = {
			isa = PBXSourcesBuildPhase;
			buildActionMask = 2147483647;
			files = (
				E2D17E9A204FD18D0026FED6 /* UINavigationController+FDFullscreenPopGesture.m in Sources */,
				E2D17E89204D27310026FED6 /* MBProgressHUD+LMJ.m in Sources */,
				E2D17DD1204D24900026FED6 /* LMJBaseViewController.m in Sources */,
				E29FBCFB2046805D007A2170 /* CYLTabBarControllerConfig.m in Sources */,
				E29FBCF52045309E007A2170 /* ShareVC.m in Sources */,
				E29FBCDC2043B0D8007A2170 /* UITabBarItem+CYLTabBarControllerExtention.m in Sources */,
				E2D17E8F204D27310026FED6 /* UITextView+WZB.m in Sources */,
				E29FBC9A2043AF9A007A2170 /* ViewController.m in Sources */,
				E29FBCA52043AF9A007A2170 /* main.m in Sources */,
				E2D17DBD204CEB6B0026FED6 /* LMJNavUIBaseViewController.m in Sources */,
				E29FBCF220453091007A2170 /* MoreVC.m in Sources */,
				E29FBCEC20453075007A2170 /* BaseVC.m in Sources */,
				E29FBCDA2043B0D8007A2170 /* CYLTabBarController.m in Sources */,
				E2D17DD0204D24900026FED6 /* LMJTextViewController.m in Sources */,
				E29FBCEF20453083007A2170 /* OtherVC.m in Sources */,
				E29FBCDE2043B0D8007A2170 /* UIViewController+CYLTabBarControllerExtention.m in Sources */,
				E2D17E8E204D27310026FED6 /* NullSafe.m in Sources */,
				E2D17E75204D26D30026FED6 /* MBProgressHUD.m in Sources */,
				E2D17DC1204CEB7E0026FED6 /* LMJNavigationBar.m in Sources */,
				E29FBCDB2043B0D8007A2170 /* UIControl+CYLTabBarControllerExtention.m in Sources */,
				E2D17E8C204D27310026FED6 /* UIColor+Random.m in Sources */,
				E29FBCDD2043B0D8007A2170 /* UIView+CYLTabBarControllerExtention.m in Sources */,
				E2D17E8D204D27310026FED6 /* NSDecimalNumber+Addtion.m in Sources */,
				E29FBCD82043B0D8007A2170 /* CYLPlusButton.m in Sources */,
				E29FBCD92043B0D8007A2170 /* CYLTabBar.m in Sources */,
				E2D17DD2204D24900026FED6 /* LMJRequestBaseViewController.m in Sources */,
				E2D17DBE204CEB6B0026FED6 /* LMJNavigationController.m in Sources */,
				E2D17E90204D27310026FED6 /* UIView+GestureCallback.m in Sources */,
				E29FBCE1204506A1007A2170 /* MainTabbarController.m in Sources */,
				E2D17E8A204D27310026FED6 /* UIView+LMJNjHuFrame.m in Sources */,
				E29FBCE920452ECC007A2170 /* FunctionVC.m in Sources */,
				E2D17E91204D27310026FED6 /* UIViewController+DDPopUpViewController.m in Sources */,
				E29FBCF820464391007A2170 /* AddPlusBtn.m in Sources */,
				E2D17E97204FD16F0026FED6 /* LMJAppDelegate.m in Sources */,
			);
			runOnlyForDeploymentPostprocessing = 0;
		};
		E29FBCA62043AF9A007A2170 /* Sources */ = {
			isa = PBXSourcesBuildPhase;
			buildActionMask = 2147483647;
			files = (
				E29FBCAF2043AF9A007A2170 /* iOSProTests.m in Sources */,
			);
			runOnlyForDeploymentPostprocessing = 0;
		};
		E29FBCB12043AF9A007A2170 /* Sources */ = {
			isa = PBXSourcesBuildPhase;
			buildActionMask = 2147483647;
			files = (
				E29FBCBA2043AF9A007A2170 /* iOSProUITests.m in Sources */,
			);
			runOnlyForDeploymentPostprocessing = 0;
		};
/* End PBXSourcesBuildPhase section */

/* Begin PBXTargetDependency section */
		E29FBCAC2043AF9A007A2170 /* PBXTargetDependency */ = {
			isa = PBXTargetDependency;
			target = E29FBC912043AF9A007A2170 /* iOSPro */;
			targetProxy = E29FBCAB2043AF9A007A2170 /* PBXContainerItemProxy */;
		};
		E29FBCB72043AF9A007A2170 /* PBXTargetDependency */ = {
			isa = PBXTargetDependency;
			target = E29FBC912043AF9A007A2170 /* iOSPro */;
			targetProxy = E29FBCB62043AF9A007A2170 /* PBXContainerItemProxy */;
		};
/* End PBXTargetDependency section */

/* Begin PBXVariantGroup section */
		E29FBC9B2043AF9A007A2170 /* Main.storyboard */ = {
			isa = PBXVariantGroup;
			children = (
				E29FBC9C2043AF9A007A2170 /* Base */,
			);
			name = Main.storyboard;
			sourceTree = "<group>";
		};
		E29FBCA02043AF9A007A2170 /* LaunchScreen.storyboard */ = {
			isa = PBXVariantGroup;
			children = (
				E29FBCA12043AF9A007A2170 /* Base */,
			);
			name = LaunchScreen.storyboard;
			sourceTree = "<group>";
		};
/* End PBXVariantGroup section */

/* Begin XCBuildConfiguration section */
		E29FBCBC2043AF9A007A2170 /* Debug */ = {
			isa = XCBuildConfiguration;
			buildSettings = {
				ALWAYS_SEARCH_USER_PATHS = NO;
				CLANG_ANALYZER_NONNULL = YES;
				CLANG_ANALYZER_NUMBER_OBJECT_CONVERSION = YES_AGGRESSIVE;
				CLANG_CXX_LANGUAGE_STANDARD = "gnu++14";
				CLANG_CXX_LIBRARY = "libc++";
				CLANG_ENABLE_MODULES = YES;
				CLANG_ENABLE_OBJC_ARC = YES;
				CLANG_WARN_BLOCK_CAPTURE_AUTORELEASING = YES;
				CLANG_WARN_BOOL_CONVERSION = YES;
				CLANG_WARN_COMMA = YES;
				CLANG_WARN_CONSTANT_CONVERSION = YES;
				CLANG_WARN_DIRECT_OBJC_ISA_USAGE = YES_ERROR;
				CLANG_WARN_DOCUMENTATION_COMMENTS = YES;
				CLANG_WARN_EMPTY_BODY = YES;
				CLANG_WARN_ENUM_CONVERSION = YES;
				CLANG_WARN_INFINITE_RECURSION = YES;
				CLANG_WARN_INT_CONVERSION = YES;
				CLANG_WARN_NON_LITERAL_NULL_CONVERSION = YES;
				CLANG_WARN_OBJC_LITERAL_CONVERSION = YES;
				CLANG_WARN_OBJC_ROOT_CLASS = YES_ERROR;
				CLANG_WARN_RANGE_LOOP_ANALYSIS = YES;
				CLANG_WARN_STRICT_PROTOTYPES = YES;
				CLANG_WARN_SUSPICIOUS_MOVE = YES;
				CLANG_WARN_UNGUARDED_AVAILABILITY = YES_AGGRESSIVE;
				CLANG_WARN_UNREACHABLE_CODE = YES;
				CLANG_WARN__DUPLICATE_METHOD_MATCH = YES;
				CODE_SIGN_IDENTITY = "iPhone Developer";
				COPY_PHASE_STRIP = NO;
				DEBUG_INFORMATION_FORMAT = dwarf;
				ENABLE_STRICT_OBJC_MSGSEND = YES;
				ENABLE_TESTABILITY = YES;
				GCC_C_LANGUAGE_STANDARD = gnu11;
				GCC_DYNAMIC_NO_PIC = NO;
				GCC_NO_COMMON_BLOCKS = YES;
				GCC_OPTIMIZATION_LEVEL = 0;
				GCC_PREPROCESSOR_DEFINITIONS = (
					"DEBUG=1",
					"$(inherited)",
				);
				GCC_WARN_64_TO_32_BIT_CONVERSION = YES;
				GCC_WARN_ABOUT_RETURN_TYPE = YES_ERROR;
				GCC_WARN_UNDECLARED_SELECTOR = YES;
				GCC_WARN_UNINITIALIZED_AUTOS = YES_AGGRESSIVE;
				GCC_WARN_UNUSED_FUNCTION = YES;
				GCC_WARN_UNUSED_VARIABLE = YES;
				IPHONEOS_DEPLOYMENT_TARGET = 11.2;
				MTL_ENABLE_DEBUG_INFO = YES;
				ONLY_ACTIVE_ARCH = YES;
				SDKROOT = iphoneos;
			};
			name = Debug;
		};
		E29FBCBD2043AF9A007A2170 /* Release */ = {
			isa = XCBuildConfiguration;
			buildSettings = {
				ALWAYS_SEARCH_USER_PATHS = NO;
				CLANG_ANALYZER_NONNULL = YES;
				CLANG_ANALYZER_NUMBER_OBJECT_CONVERSION = YES_AGGRESSIVE;
				CLANG_CXX_LANGUAGE_STANDARD = "gnu++14";
				CLANG_CXX_LIBRARY = "libc++";
				CLANG_ENABLE_MODULES = YES;
				CLANG_ENABLE_OBJC_ARC = YES;
				CLANG_WARN_BLOCK_CAPTURE_AUTORELEASING = YES;
				CLANG_WARN_BOOL_CONVERSION = YES;
				CLANG_WARN_COMMA = YES;
				CLANG_WARN_CONSTANT_CONVERSION = YES;
				CLANG_WARN_DIRECT_OBJC_ISA_USAGE = YES_ERROR;
				CLANG_WARN_DOCUMENTATION_COMMENTS = YES;
				CLANG_WARN_EMPTY_BODY = YES;
				CLANG_WARN_ENUM_CONVERSION = YES;
				CLANG_WARN_INFINITE_RECURSION = YES;
				CLANG_WARN_INT_CONVERSION = YES;
				CLANG_WARN_NON_LITERAL_NULL_CONVERSION = YES;
				CLANG_WARN_OBJC_LITERAL_CONVERSION = YES;
				CLANG_WARN_OBJC_ROOT_CLASS = YES_ERROR;
				CLANG_WARN_RANGE_LOOP_ANALYSIS = YES;
				CLANG_WARN_STRICT_PROTOTYPES = YES;
				CLANG_WARN_SUSPICIOUS_MOVE = YES;
				CLANG_WARN_UNGUARDED_AVAILABILITY = YES_AGGRESSIVE;
				CLANG_WARN_UNREACHABLE_CODE = YES;
				CLANG_WARN__DUPLICATE_METHOD_MATCH = YES;
				CODE_SIGN_IDENTITY = "iPhone Developer";
				COPY_PHASE_STRIP = NO;
				DEBUG_INFORMATION_FORMAT = "dwarf-with-dsym";
				ENABLE_NS_ASSERTIONS = NO;
				ENABLE_STRICT_OBJC_MSGSEND = YES;
				GCC_C_LANGUAGE_STANDARD = gnu11;
				GCC_NO_COMMON_BLOCKS = YES;
				GCC_WARN_64_TO_32_BIT_CONVERSION = YES;
				GCC_WARN_ABOUT_RETURN_TYPE = YES_ERROR;
				GCC_WARN_UNDECLARED_SELECTOR = YES;
				GCC_WARN_UNINITIALIZED_AUTOS = YES_AGGRESSIVE;
				GCC_WARN_UNUSED_FUNCTION = YES;
				GCC_WARN_UNUSED_VARIABLE = YES;
				IPHONEOS_DEPLOYMENT_TARGET = 11.2;
				MTL_ENABLE_DEBUG_INFO = NO;
				SDKROOT = iphoneos;
				VALIDATE_PRODUCT = YES;
			};
			name = Release;
		};
		E29FBCBF2043AF9A007A2170 /* Debug */ = {
			isa = XCBuildConfiguration;
			baseConfigurationReference = 0AEE50A6FE22E1941615D53D /* Pods-iOSPro.debug.xcconfig */;
			buildSettings = {
				ASSETCATALOG_COMPILER_APPICON_NAME = AppIcon;
				CODE_SIGN_STYLE = Automatic;
				DEVELOPMENT_TEAM = UKQ4QKY2W4;
				GCC_PREFIX_HEADER = iOSPro/iOSPro.pch;
				INFOPLIST_FILE = iOSPro/Info.plist;
				IPHONEOS_DEPLOYMENT_TARGET = 9.0;
				LD_RUNPATH_SEARCH_PATHS = "$(inherited) @executable_path/Frameworks";
				PRODUCT_BUNDLE_IDENTIFIER = com.lck.huawei;
				PRODUCT_NAME = "$(TARGET_NAME)";
				TARGETED_DEVICE_FAMILY = "1,2";
			};
			name = Debug;
		};
		E29FBCC02043AF9A007A2170 /* Release */ = {
			isa = XCBuildConfiguration;
			baseConfigurationReference = 892F7B8A46D9BBDEDC1A2AD6 /* Pods-iOSPro.release.xcconfig */;
			buildSettings = {
				ASSETCATALOG_COMPILER_APPICON_NAME = AppIcon;
				CODE_SIGN_STYLE = Automatic;
				DEVELOPMENT_TEAM = UKQ4QKY2W4;
				GCC_PREFIX_HEADER = iOSPro/iOSPro.pch;
				INFOPLIST_FILE = iOSPro/Info.plist;
				IPHONEOS_DEPLOYMENT_TARGET = 9.0;
				LD_RUNPATH_SEARCH_PATHS = "$(inherited) @executable_path/Frameworks";
				PRODUCT_BUNDLE_IDENTIFIER = com.lck.huawei;
				PRODUCT_NAME = "$(TARGET_NAME)";
				TARGETED_DEVICE_FAMILY = "1,2";
			};
			name = Release;
		};
		E29FBCC22043AF9A007A2170 /* Debug */ = {
			isa = XCBuildConfiguration;
			buildSettings = {
				BUNDLE_LOADER = "$(TEST_HOST)";
				CODE_SIGN_STYLE = Automatic;
				INFOPLIST_FILE = iOSProTests/Info.plist;
				LD_RUNPATH_SEARCH_PATHS = "$(inherited) @executable_path/Frameworks @loader_path/Frameworks";
				PRODUCT_BUNDLE_IDENTIFIER = com.huawei.esdk.iOSProTests;
				PRODUCT_NAME = "$(TARGET_NAME)";
				TARGETED_DEVICE_FAMILY = "1,2";
				TEST_HOST = "$(BUILT_PRODUCTS_DIR)/iOSPro.app/iOSPro";
			};
			name = Debug;
		};
		E29FBCC32043AF9A007A2170 /* Release */ = {
			isa = XCBuildConfiguration;
			buildSettings = {
				BUNDLE_LOADER = "$(TEST_HOST)";
				CODE_SIGN_STYLE = Automatic;
				INFOPLIST_FILE = iOSProTests/Info.plist;
				LD_RUNPATH_SEARCH_PATHS = "$(inherited) @executable_path/Frameworks @loader_path/Frameworks";
				PRODUCT_BUNDLE_IDENTIFIER = com.huawei.esdk.iOSProTests;
				PRODUCT_NAME = "$(TARGET_NAME)";
				TARGETED_DEVICE_FAMILY = "1,2";
				TEST_HOST = "$(BUILT_PRODUCTS_DIR)/iOSPro.app/iOSPro";
			};
			name = Release;
		};
		E29FBCC52043AF9A007A2170 /* Debug */ = {
			isa = XCBuildConfiguration;
			buildSettings = {
				CODE_SIGN_STYLE = Automatic;
				INFOPLIST_FILE = iOSProUITests/Info.plist;
				LD_RUNPATH_SEARCH_PATHS = "$(inherited) @executable_path/Frameworks @loader_path/Frameworks";
				PRODUCT_BUNDLE_IDENTIFIER = com.huawei.esdk.iOSProUITests;
				PRODUCT_NAME = "$(TARGET_NAME)";
				TARGETED_DEVICE_FAMILY = "1,2";
				TEST_TARGET_NAME = iOSPro;
			};
			name = Debug;
		};
		E29FBCC62043AF9A007A2170 /* Release */ = {
			isa = XCBuildConfiguration;
			buildSettings = {
				CODE_SIGN_STYLE = Automatic;
				INFOPLIST_FILE = iOSProUITests/Info.plist;
				LD_RUNPATH_SEARCH_PATHS = "$(inherited) @executable_path/Frameworks @loader_path/Frameworks";
				PRODUCT_BUNDLE_IDENTIFIER = com.huawei.esdk.iOSProUITests;
				PRODUCT_NAME = "$(TARGET_NAME)";
				TARGETED_DEVICE_FAMILY = "1,2";
				TEST_TARGET_NAME = iOSPro;
			};
			name = Release;
		};
/* End XCBuildConfiguration section */

/* Begin XCConfigurationList section */
		E29FBC8D2043AF9A007A2170 /* Build configuration list for PBXProject "iOSPro" */ = {
			isa = XCConfigurationList;
			buildConfigurations = (
				E29FBCBC2043AF9A007A2170 /* Debug */,
				E29FBCBD2043AF9A007A2170 /* Release */,
			);
			defaultConfigurationIsVisible = 0;
			defaultConfigurationName = Release;
		};
		E29FBCBE2043AF9A007A2170 /* Build configuration list for PBXNativeTarget "iOSPro" */ = {
			isa = XCConfigurationList;
			buildConfigurations = (
				E29FBCBF2043AF9A007A2170 /* Debug */,
				E29FBCC02043AF9A007A2170 /* Release */,
			);
			defaultConfigurationIsVisible = 0;
			defaultConfigurationName = Release;
		};
		E29FBCC12043AF9A007A2170 /* Build configuration list for PBXNativeTarget "iOSProTests" */ = {
			isa = XCConfigurationList;
			buildConfigurations = (
				E29FBCC22043AF9A007A2170 /* Debug */,
				E29FBCC32043AF9A007A2170 /* Release */,
			);
			defaultConfigurationIsVisible = 0;
			defaultConfigurationName = Release;
		};
		E29FBCC42043AF9A007A2170 /* Build configuration list for PBXNativeTarget "iOSProUITests" */ = {
			isa = XCConfigurationList;
			buildConfigurations = (
				E29FBCC52043AF9A007A2170 /* Debug */,
				E29FBCC62043AF9A007A2170 /* Release */,
			);
			defaultConfigurationIsVisible = 0;
			defaultConfigurationName = Release;
		};
/* End XCConfigurationList section */
	};
	rootObject = E29FBC8A2043AF9A007A2170 /* Project object */;
}
